// !$*UTF8*$!
{
	archiveVersion = 1;
	classes = {
	};
	objectVersion = 50;
	objects = {

/* Begin PBXBuildFile section */
		FCC31F132551B04D00075E96 /* AppDelegate.swift in Sources */ = {isa = PBXBuildFile; fileRef = FCC31F122551B04D00075E96 /* AppDelegate.swift */; };
		FCC31F152551B04D00075E96 /* SceneDelegate.swift in Sources */ = {isa = PBXBuildFile; fileRef = FCC31F142551B04D00075E96 /* SceneDelegate.swift */; };
		FCC31F172551B04D00075E96 /* ContentView.swift in Sources */ = {isa = PBXBuildFile; fileRef = FCC31F162551B04D00075E96 /* ContentView.swift */; };
		FCC31F192551B05400075E96 /* Assets.xcassets in Resources */ = {isa = PBXBuildFile; fileRef = FCC31F182551B05400075E96 /* Assets.xcassets */; };
		FCC31F1C2551B05400075E96 /* Preview Assets.xcassets in Resources */ = {isa = PBXBuildFile; fileRef = FCC31F1B2551B05400075E96 /* Preview Assets.xcassets */; };
		FCC31F1F2551B05400075E96 /* LaunchScreen.storyboard in Resources */ = {isa = PBXBuildFile; fileRef = FCC31F1D2551B05400075E96 /* LaunchScreen.storyboard */; };
		FCC31F2A2551B05400075E96 /* ExploringKeyboardDismissalTests.swift in Sources */ = {isa = PBXBuildFile; fileRef = FCC31F292551B05400075E96 /* ExploringKeyboardDismissalTests.swift */; };
		FCC31F352551B05400075E96 /* ExploringKeyboardDismissalUITests.swift in Sources */ = {isa = PBXBuildFile; fileRef = FCC31F342551B05400075E96 /* ExploringKeyboardDismissalUITests.swift */; };
/* End PBXBuildFile section */

/* Begin PBXContainerItemProxy section */
		FCC31F262551B05400075E96 /* PBXContainerItemProxy */ = {
			isa = PBXContainerItemProxy;
			containerPortal = FCC31F072551B04D00075E96 /* Project object */;
			proxyType = 1;
			remoteGlobalIDString = FCC31F0E2551B04D00075E96;
			remoteInfo = ExploringKeyboardDismissal;
		};
		FCC31F312551B05400075E96 /* PBXContainerItemProxy */ = {
			isa = PBXContainerItemProxy;
			containerPortal = FCC31F072551B04D00075E96 /* Project object */;
			proxyType = 1;
			remoteGlobalIDString = FCC31F0E2551B04D00075E96;
			remoteInfo = ExploringKeyboardDismissal;
		};
/* End PBXContainerItemProxy section */

/* Begin PBXFileReference section */
		FCC31F0F2551B04D00075E96 /* ExploringKeyboardDismissal.app */ = {isa = PBXFileReference; explicitFileType = wrapper.application; includeInIndex = 0; path = ExploringKeyboardDismissal.app; sourceTree = BUILT_PRODUCTS_DIR; };
		FCC31F122551B04D00075E96 /* AppDelegate.swift */ = {isa = PBXFileReference; lastKnownFileType = sourcecode.swift; path = AppDelegate.swift; sourceTree = "<group>"; };
		FCC31F142551B04D00075E96 /* SceneDelegate.swift */ = {isa = PBXFileReference; lastKnownFileType = sourcecode.swift; path = SceneDelegate.swift; sourceTree = "<group>"; };
		FCC31F162551B04D00075E96 /* ContentView.swift */ = {isa = PBXFileReference; lastKnownFileType = sourcecode.swift; path = ContentView.swift; sourceTree = "<group>"; };
		FCC31F182551B05400075E96 /* Assets.xcassets */ = {isa = PBXFileReference; lastKnownFileType = folder.assetcatalog; path = Assets.xcassets; sourceTree = "<group>"; };
		FCC31F1B2551B05400075E96 /* Preview Assets.xcassets */ = {isa = PBXFileReference; lastKnownFileType = folder.assetcatalog; path = "Preview Assets.xcassets"; sourceTree = "<group>"; };
		FCC31F1E2551B05400075E96 /* Base */ = {isa = PBXFileReference; lastKnownFileType = file.storyboard; name = Base; path = Base.lproj/LaunchScreen.storyboard; sourceTree = "<group>"; };
		FCC31F202551B05400075E96 /* Info.plist */ = {isa = PBXFileReference; lastKnownFileType = text.plist.xml; path = Info.plist; sourceTree = "<group>"; };
		FCC31F252551B05400075E96 /* ExploringKeyboardDismissalTests.xctest */ = {isa = PBXFileReference; explicitFileType = wrapper.cfbundle; includeInIndex = 0; path = ExploringKeyboardDismissalTests.xctest; sourceTree = BUILT_PRODUCTS_DIR; };
		FCC31F292551B05400075E96 /* ExploringKeyboardDismissalTests.swift */ = {isa = PBXFileReference; lastKnownFileType = sourcecode.swift; path = ExploringKeyboardDismissalTests.swift; sourceTree = "<group>"; };
		FCC31F2B2551B05400075E96 /* Info.plist */ = {isa = PBXFileReference; lastKnownFileType = text.plist.xml; path = Info.plist; sourceTree = "<group>"; };
		FCC31F302551B05400075E96 /* ExploringKeyboardDismissalUITests.xctest */ = {isa = PBXFileReference; explicitFileType = wrapper.cfbundle; includeInIndex = 0; path = ExploringKeyboardDismissalUITests.xctest; sourceTree = BUILT_PRODUCTS_DIR; };
		FCC31F342551B05400075E96 /* ExploringKeyboardDismissalUITests.swift */ = {isa = PBXFileReference; lastKnownFileType = sourcecode.swift; path = ExploringKeyboardDismissalUITests.swift; sourceTree = "<group>"; };
		FCC31F362551B05400075E96 /* Info.plist */ = {isa = PBXFileReference; lastKnownFileType = text.plist.xml; path = Info.plist; sourceTree = "<group>"; };
/* End PBXFileReference section */

/* Begin PBXFrameworksBuildPhase section */
		FCC31F0C2551B04D00075E96 /* Frameworks */ = {
			isa = PBXFrameworksBuildPhase;
			buildActionMask = 2147483647;
			files = (
			);
			runOnlyForDeploymentPostprocessing = 0;
		};
		FCC31F222551B05400075E96 /* Frameworks */ = {
			isa = PBXFrameworksBuildPhase;
			buildActionMask = 2147483647;
			files = (
			);
			runOnlyForDeploymentPostprocessing = 0;
		};
		FCC31F2D2551B05400075E96 /* Frameworks */ = {
			isa = PBXFrameworksBuildPhase;
			buildActionMask = 2147483647;
			files = (
			);
			runOnlyForDeploymentPostprocessing = 0;
		};
/* End PBXFrameworksBuildPhase section */

/* Begin PBXGroup section */
		FCC31F062551B04D00075E96 = {
			isa = PBXGroup;
			children = (
				FCC31F112551B04D00075E96 /* ExploringKeyboardDismissal */,
				FCC31F282551B05400075E96 /* ExploringKeyboardDismissalTests */,
				FCC31F332551B05400075E96 /* ExploringKeyboardDismissalUITests */,
				FCC31F102551B04D00075E96 /* Products */,
			);
			sourceTree = "<group>";
		};
		FCC31F102551B04D00075E96 /* Products */ = {
			isa = PBXGroup;
			children = (
				FCC31F0F2551B04D00075E96 /* ExploringKeyboardDismissal.app */,
				FCC31F252551B05400075E96 /* ExploringKeyboardDismissalTests.xctest */,
				FCC31F302551B05400075E96 /* ExploringKeyboardDismissalUITests.xctest */,
			);
			name = Products;
			sourceTree = "<group>";
		};
		FCC31F112551B04D00075E96 /* ExploringKeyboardDismissal */ = {
			isa = PBXGroup;
			children = (
				FCC31F122551B04D00075E96 /* AppDelegate.swift */,
				FCC31F142551B04D00075E96 /* SceneDelegate.swift */,
				FCC31F162551B04D00075E96 /* ContentView.swift */,
				FCC31F182551B05400075E96 /* Assets.xcassets */,
				FCC31F1D2551B05400075E96 /* LaunchScreen.storyboard */,
				FCC31F202551B05400075E96 /* Info.plist */,
				FCC31F1A2551B05400075E96 /* Preview Content */,
			);
			path = ExploringKeyboardDismissal;
			sourceTree = "<group>";
		};
		FCC31F1A2551B05400075E96 /* Preview Content */ = {
			isa = PBXGroup;
			children = (
				FCC31F1B2551B05400075E96 /* Preview Assets.xcassets */,
			);
			path = "Preview Content";
			sourceTree = "<group>";
		};
		FCC31F282551B05400075E96 /* ExploringKeyboardDismissalTests */ = {
			isa = PBXGroup;
			children = (
				FCC31F292551B05400075E96 /* ExploringKeyboardDismissalTests.swift */,
				FCC31F2B2551B05400075E96 /* Info.plist */,
			);
			path = ExploringKeyboardDismissalTests;
			sourceTree = "<group>";
		};
		FCC31F332551B05400075E96 /* ExploringKeyboardDismissalUITests */ = {
			isa = PBXGroup;
			children = (
				FCC31F342551B05400075E96 /* ExploringKeyboardDismissalUITests.swift */,
				FCC31F362551B05400075E96 /* Info.plist */,
			);
			path = ExploringKeyboardDismissalUITests;
			sourceTree = "<group>";
		};
/* End PBXGroup section */

/* Begin PBXNativeTarget section */
		FCC31F0E2551B04D00075E96 /* ExploringKeyboardDismissal */ = {
			isa = PBXNativeTarget;
			buildConfigurationList = FCC31F392551B05400075E96 /* Build configuration list for PBXNativeTarget "ExploringKeyboardDismissal" */;
			buildPhases = (
				FCC31F0B2551B04D00075E96 /* Sources */,
				FCC31F0C2551B04D00075E96 /* Frameworks */,
				FCC31F0D2551B04D00075E96 /* Resources */,
			);
			buildRules = (
			);
			dependencies = (
			);
			name = ExploringKeyboardDismissal;
			productName = ExploringKeyboardDismissal;
			productReference = FCC31F0F2551B04D00075E96 /* ExploringKeyboardDismissal.app */;
			productType = "com.apple.product-type.application";
		};
		FCC31F242551B05400075E96 /* ExploringKeyboardDismissalTests */ = {
			isa = PBXNativeTarget;
			buildConfigurationList = FCC31F3C2551B05400075E96 /* Build configuration list for PBXNativeTarget "ExploringKeyboardDismissalTests" */;
			buildPhases = (
				FCC31F212551B05400075E96 /* Sources */,
				FCC31F222551B05400075E96 /* Frameworks */,
				FCC31F232551B05400075E96 /* Resources */,
			);
			buildRules = (
			);
			dependencies = (
				FCC31F272551B05400075E96 /* PBXTargetDependency */,
			);
			name = ExploringKeyboardDismissalTests;
			productName = ExploringKeyboardDismissalTests;
			productReference = FCC31F252551B05400075E96 /* ExploringKeyboardDismissalTests.xctest */;
			productType = "com.apple.product-type.bundle.unit-test";
		};
		FCC31F2F2551B05400075E96 /* ExploringKeyboardDismissalUITests */ = {
			isa = PBXNativeTarget;
			buildConfigurationList = FCC31F3F2551B05400075E96 /* Build configuration list for PBXNativeTarget "ExploringKeyboardDismissalUITests" */;
			buildPhases = (
				FCC31F2C2551B05400075E96 /* Sources */,
				FCC31F2D2551B05400075E96 /* Frameworks */,
				FCC31F2E2551B05400075E96 /* Resources */,
			);
			buildRules = (
			);
			dependencies = (
				FCC31F322551B05400075E96 /* PBXTargetDependency */,
			);
			name = ExploringKeyboardDismissalUITests;
			productName = ExploringKeyboardDismissalUITests;
			productReference = FCC31F302551B05400075E96 /* ExploringKeyboardDismissalUITests.xctest */;
			productType = "com.apple.product-type.bundle.ui-testing";
		};
/* End PBXNativeTarget section */

/* Begin PBXProject section */
		FCC31F072551B04D00075E96 /* Project object */ = {
			isa = PBXProject;
			attributes = {
				LastSwiftUpdateCheck = 1210;
				LastUpgradeCheck = 1210;
				TargetAttributes = {
					FCC31F0E2551B04D00075E96 = {
						CreatedOnToolsVersion = 12.1;
					};
					FCC31F242551B05400075E96 = {
						CreatedOnToolsVersion = 12.1;
						TestTargetID = FCC31F0E2551B04D00075E96;
					};
					FCC31F2F2551B05400075E96 = {
						CreatedOnToolsVersion = 12.1;
						TestTargetID = FCC31F0E2551B04D00075E96;
					};
				};
			};
			buildConfigurationList = FCC31F0A2551B04D00075E96 /* Build configuration list for PBXProject "ExploringKeyboardDismissal" */;
			compatibilityVersion = "Xcode 9.3";
			developmentRegion = en;
			hasScannedForEncodings = 0;
			knownRegions = (
				en,
				Base,
			);
			mainGroup = FCC31F062551B04D00075E96;
			productRefGroup = FCC31F102551B04D00075E96 /* Products */;
			projectDirPath = "";
			projectRoot = "";
			targets = (
				FCC31F0E2551B04D00075E96 /* ExploringKeyboardDismissal */,
				FCC31F242551B05400075E96 /* ExploringKeyboardDismissalTests */,
				FCC31F2F2551B05400075E96 /* ExploringKeyboardDismissalUITests */,
			);
		};
/* End PBXProject section */

/* Begin PBXResourcesBuildPhase section */
		FCC31F0D2551B04D00075E96 /* Resources */ = {
			isa = PBXResourcesBuildPhase;
			buildActionMask = 2147483647;
			files = (
				FCC31F1F2551B05400075E96 /* LaunchScreen.storyboard in Resources */,
				FCC31F1C2551B05400075E96 /* Preview Assets.xcassets in Resources */,
				FCC31F192551B05400075E96 /* Assets.xcassets in Resources */,
			);
			runOnlyForDeploymentPostprocessing = 0;
		};
		FCC31F232551B05400075E96 /* Resources */ = {
			isa = PBXResourcesBuildPhase;
			buildActionMask = 2147483647;
			files = (
			);
			runOnlyForDeploymentPostprocessing = 0;
		};
		FCC31F2E2551B05400075E96 /* Resources */ = {
			isa = PBXResourcesBuildPhase;
			buildActionMask = 2147483647;
			files = (
			);
			runOnlyForDeploymentPostprocessing = 0;
		};
/* End PBXResourcesBuildPhase section */

/* Begin PBXSourcesBuildPhase section */
		FCC31F0B2551B04D00075E96 /* Sources */ = {
			isa = PBXSourcesBuildPhase;
			buildActionMask = 2147483647;
			files = (
				FCC31F132551B04D00075E96 /* AppDelegate.swift in Sources */,
				FCC31F152551B04D00075E96 /* SceneDelegate.swift in Sources */,
				FCC31F172551B04D00075E96 /* ContentView.swift in Sources */,
			);
			runOnlyForDeploymentPostprocessing = 0;
		};
		FCC31F212551B05400075E96 /* Sources */ = {
			isa = PBXSourcesBuildPhase;
			buildActionMask = 2147483647;
			files = (
				FCC31F2A2551B05400075E96 /* ExploringKeyboardDismissalTests.swift in Sources */,
			);
			runOnlyForDeploymentPostprocessing = 0;
		};
		FCC31F2C2551B05400075E96 /* Sources */ = {
			isa = PBXSourcesBuildPhase;
			buildActionMask = 2147483647;
			files = (
				FCC31F352551B05400075E96 /* ExploringKeyboardDismissalUITests.swift in Sources */,
			);
			runOnlyForDeploymentPostprocessing = 0;
		};
/* End PBXSourcesBuildPhase section */

/* Begin PBXTargetDependency section */
		FCC31F272551B05400075E96 /* PBXTargetDependency */ = {
			isa = PBXTargetDependency;
			target = FCC31F0E2551B04D00075E96 /* ExploringKeyboardDismissal */;
			targetProxy = FCC31F262551B05400075E96 /* PBXContainerItemProxy */;
		};
		FCC31F322551B05400075E96 /* PBXTargetDependency */ = {
			isa = PBXTargetDependency;
			target = FCC31F0E2551B04D00075E96 /* ExploringKeyboardDismissal */;
			targetProxy = FCC31F312551B05400075E96 /* PBXContainerItemProxy */;
		};
/* End PBXTargetDependency section */

/* Begin PBXVariantGroup section */
		FCC31F1D2551B05400075E96 /* LaunchScreen.storyboard */ = {
			isa = PBXVariantGroup;
			children = (
				FCC31F1E2551B05400075E96 /* Base */,
			);
			name = LaunchScreen.storyboard;
			sourceTree = "<group>";
		};
/* End PBXVariantGroup section */

/* Begin XCBuildConfiguration section */
		FCC31F372551B05400075E96 /* Debug */ = {
			isa = XCBuildConfiguration;
			buildSettings = {
				ALWAYS_SEARCH_USER_PATHS = NO;
				CLANG_ANALYZER_NONNULL = YES;
				CLANG_ANALYZER_NUMBER_OBJECT_CONVERSION = YES_AGGRESSIVE;
				CLANG_CXX_LANGUAGE_STANDARD = "gnu++14";
				CLANG_CXX_LIBRARY = "libc++";
				CLANG_ENABLE_MODULES = YES;
				CLANG_ENABLE_OBJC_ARC = YES;
				CLANG_ENABLE_OBJC_WEAK = YES;
				CLANG_WARN_BLOCK_CAPTURE_AUTORELEASING = YES;
				CLANG_WARN_BOOL_CONVERSION = YES;
				CLANG_WARN_COMMA = YES;
				CLANG_WARN_CONSTANT_CONVERSION = YES;
				CLANG_WARN_DEPRECATED_OBJC_IMPLEMENTATIONS = YES;
				CLANG_WARN_DIRECT_OBJC_ISA_USAGE = YES_ERROR;
				CLANG_WARN_DOCUMENTATION_COMMENTS = YES;
				CLANG_WARN_EMPTY_BODY = YES;
				CLANG_WARN_ENUM_CONVERSION = YES;
				CLANG_WARN_INFINITE_RECURSION = YES;
				CLANG_WARN_INT_CONVERSION = YES;
				CLANG_WARN_NON_LITERAL_NULL_CONVERSION = YES;
				CLANG_WARN_OBJC_IMPLICIT_RETAIN_SELF = YES;
				CLANG_WARN_OBJC_LITERAL_CONVERSION = YES;
				CLANG_WARN_OBJC_ROOT_CLASS = YES_ERROR;
				CLANG_WARN_QUOTED_INCLUDE_IN_FRAMEWORK_HEADER = YES;
				CLANG_WARN_RANGE_LOOP_ANALYSIS = YES;
				CLANG_WARN_STRICT_PROTOTYPES = YES;
				CLANG_WARN_SUSPICIOUS_MOVE = YES;
				CLANG_WARN_UNGUARDED_AVAILABILITY = YES_AGGRESSIVE;
				CLANG_WARN_UNREACHABLE_CODE = YES;
				CLANG_WARN__DUPLICATE_METHOD_MATCH = YES;
				COPY_PHASE_STRIP = NO;
				DEBUG_INFORMATION_FORMAT = dwarf;
				ENABLE_STRICT_OBJC_MSGSEND = YES;
				ENABLE_TESTABILITY = YES;
				GCC_C_LANGUAGE_STANDARD = gnu11;
				GCC_DYNAMIC_NO_PIC = NO;
				GCC_NO_COMMON_BLOCKS = YES;
				GCC_OPTIMIZATION_LEVEL = 0;
				GCC_PREPROCESSOR_DEFINITIONS = (
					"DEBUG=1",
					"$(inherited)",
				);
				GCC_WARN_64_TO_32_BIT_CONVERSION = YES;
				GCC_WARN_ABOUT_RETURN_TYPE = YES_ERROR;
				GCC_WARN_UNDECLARED_SELECTOR = YES;
				GCC_WARN_UNINITIALIZED_AUTOS = YES_AGGRESSIVE;
				GCC_WARN_UNUSED_FUNCTION = YES;
				GCC_WARN_UNUSED_VARIABLE = YES;
				IPHONEOS_DEPLOYMENT_TARGET = 14.1;
				MTL_ENABLE_DEBUG_INFO = INCLUDE_SOURCE;
				MTL_FAST_MATH = YES;
				ONLY_ACTIVE_ARCH = YES;
				SDKROOT = iphoneos;
				SWIFT_ACTIVE_COMPILATION_CONDITIONS = DEBUG;
				SWIFT_OPTIMIZATION_LEVEL = "-Onone";
			};
			name = Debug;
		};
		FCC31F382551B05400075E96 /* Release */ = {
			isa = XCBuildConfiguration;
			buildSettings = {
				ALWAYS_SEARCH_USER_PATHS = NO;
				CLANG_ANALYZER_NONNULL = YES;
				CLANG_ANALYZER_NUMBER_OBJECT_CONVERSION = YES_AGGRESSIVE;
				CLANG_CXX_LANGUAGE_STANDARD = "gnu++14";
				CLANG_CXX_LIBRARY = "libc++";
				CLANG_ENABLE_MODULES = YES;
				CLANG_ENABLE_OBJC_ARC = YES;
				CLANG_ENABLE_OBJC_WEAK = YES;
				CLANG_WARN_BLOCK_CAPTURE_AUTORELEASING = YES;
				CLANG_WARN_BOOL_CONVERSION = YES;
				CLANG_WARN_COMMA = YES;
				CLANG_WARN_CONSTANT_CONVERSION = YES;
				CLANG_WARN_DEPRECATED_OBJC_IMPLEMENTATIONS = YES;
				CLANG_WARN_DIRECT_OBJC_ISA_USAGE = YES_ERROR;
				CLANG_WARN_DOCUMENTATION_COMMENTS = YES;
				CLANG_WARN_EMPTY_BODY = YES;
				CLANG_WARN_ENUM_CONVERSION = YES;
				CLANG_WARN_INFINITE_RECURSION = YES;
				CLANG_WARN_INT_CONVERSION = YES;
				CLANG_WARN_NON_LITERAL_NULL_CONVERSION = YES;
				CLANG_WARN_OBJC_IMPLICIT_RETAIN_SELF = YES;
				CLANG_WARN_OBJC_LITERAL_CONVERSION = YES;
				CLANG_WARN_OBJC_ROOT_CLASS = YES_ERROR;
				CLANG_WARN_QUOTED_INCLUDE_IN_FRAMEWORK_HEADER = YES;
				CLANG_WARN_RANGE_LOOP_ANALYSIS = YES;
				CLANG_WARN_STRICT_PROTOTYPES = YES;
				CLANG_WARN_SUSPICIOUS_MOVE = YES;
				CLANG_WARN_UNGUARDED_AVAILABILITY = YES_AGGRESSIVE;
				CLANG_WARN_UNREACHABLE_CODE = YES;
				CLANG_WARN__DUPLICATE_METHOD_MATCH = YES;
				COPY_PHASE_STRIP = NO;
				DEBUG_INFORMATION_FORMAT = "dwarf-with-dsym";
				ENABLE_NS_ASSERTIONS = NO;
				ENABLE_STRICT_OBJC_MSGSEND = YES;
				GCC_C_LANGUAGE_STANDARD = gnu11;
				GCC_NO_COMMON_BLOCKS = YES;
				GCC_WARN_64_TO_32_BIT_CONVERSION = YES;
				GCC_WARN_ABOUT_RETURN_TYPE = YES_ERROR;
				GCC_WARN_UNDECLARED_SELECTOR = YES;
				GCC_WARN_UNINITIALIZED_AUTOS = YES_AGGRESSIVE;
				GCC_WARN_UNUSED_FUNCTION = YES;
				GCC_WARN_UNUSED_VARIABLE = YES;
				IPHONEOS_DEPLOYMENT_TARGET = 14.1;
				MTL_ENABLE_DEBUG_INFO = NO;
				MTL_FAST_MATH = YES;
				SDKROOT = iphoneos;
				SWIFT_COMPILATION_MODE = wholemodule;
				SWIFT_OPTIMIZATION_LEVEL = "-O";
				VALIDATE_PRODUCT = YES;
			};
			name = Release;
		};
		FCC31F3A2551B05400075E96 /* Debug */ = {
			isa = XCBuildConfiguration;
			buildSettings = {
				ASSETCATALOG_COMPILER_APPICON_NAME = AppIcon;
				ASSETCATALOG_COMPILER_GLOBAL_ACCENT_COLOR_NAME = AccentColor;
				CODE_SIGN_STYLE = Automatic;
				DEVELOPMENT_ASSET_PATHS = "\"ExploringKeyboardDismissal/Preview Content\"";
				DEVELOPMENT_TEAM = ULYJ4WCBG7;
				ENABLE_PREVIEWS = YES;
				INFOPLIST_FILE = ExploringKeyboardDismissal/Info.plist;
				LD_RUNPATH_SEARCH_PATHS = (
					"$(inherited)",
					"@executable_path/Frameworks",
				);
				PRODUCT_BUNDLE_IDENTIFIER = com.DabblingBadger.ExploringKeyboardDismissal;
				PRODUCT_NAME = "$(TARGET_NAME)";
				SWIFT_VERSION = 5.0;
				TARGETED_DEVICE_FAMILY = "1,2";
			};
			name = Debug;
		};
		FCC31F3B2551B05400075E96 /* Release */ = {
			isa = XCBuildConfiguration;
			buildSettings = {
				ASSETCATALOG_COMPILER_APPICON_NAME = AppIcon;
				ASSETCATALOG_COMPILER_GLOBAL_ACCENT_COLOR_NAME = AccentColor;
				CODE_SIGN_STYLE = Automatic;
				DEVELOPMENT_ASSET_PATHS = "\"ExploringKeyboardDismissal/Preview Content\"";
				DEVELOPMENT_TEAM = ULYJ4WCBG7;
				ENABLE_PREVIEWS = YES;
				INFOPLIST_FILE = ExploringKeyboardDismissal/Info.plist;
				LD_RUNPATH_SEARCH_PATHS = (
					"$(inherited)",
					"@executable_path/Frameworks",
				);
				PRODUCT_BUNDLE_IDENTIFIER = com.DabblingBadger.ExploringKeyboardDismissal;
				PRODUCT_NAME = "$(TARGET_NAME)";
				SWIFT_VERSION = 5.0;
				TARGETED_DEVICE_FAMILY = "1,2";
			};
			name = Release;
		};
		FCC31F3D2551B05400075E96 /* Debug */ = {
			isa = XCBuildConfiguration;
			buildSettings = {
				ALWAYS_EMBED_SWIFT_STANDARD_LIBRARIES = YES;
				BUNDLE_LOADER = "$(TEST_HOST)";
				CODE_SIGN_STYLE = Automatic;
				DEVELOPMENT_TEAM = ULYJ4WCBG7;
				INFOPLIST_FILE = ExploringKeyboardDismissalTests/Info.plist;
				IPHONEOS_DEPLOYMENT_TARGET = 14.1;
				LD_RUNPATH_SEARCH_PATHS = (
					"$(inherited)",
					"@executable_path/Frameworks",
					"@loader_path/Frameworks",
				);
				PRODUCT_BUNDLE_IDENTIFIER = com.DabblingBadger.ExploringKeyboardDismissalTests;
				PRODUCT_NAME = "$(TARGET_NAME)";
				SWIFT_VERSION = 5.0;
				TARGETED_DEVICE_FAMILY = "1,2";
				TEST_HOST = "$(BUILT_PRODUCTS_DIR)/ExploringKeyboardDismissal.app/ExploringKeyboardDismissal";
			};
			name = Debug;
		};
		FCC31F3E2551B05400075E96 /* Release */ = {
			isa = XCBuildConfiguration;
			buildSettings = {
				ALWAYS_EMBED_SWIFT_STANDARD_LIBRARIES = YES;
				BUNDLE_LOADER = "$(TEST_HOST)";
				CODE_SIGN_STYLE = Automatic;
				DEVELOPMENT_TEAM = ULYJ4WCBG7;
				INFOPLIST_FILE = ExploringKeyboardDismissalTests/Info.plist;
				IPHONEOS_DEPLOYMENT_TARGET = 14.1;
				LD_RUNPATH_SEARCH_PATHS = (
					"$(inherited)",
					"@executable_path/Frameworks",
					"@loader_path/Frameworks",
				);
				PRODUCT_BUNDLE_IDENTIFIER = com.DabblingBadger.ExploringKeyboardDismissalTests;
				PRODUCT_NAME = "$(TARGET_NAME)";
				SWIFT_VERSION = 5.0;
				TARGETED_DEVICE_FAMILY = "1,2";
				TEST_HOST = "$(BUILT_PRODUCTS_DIR)/ExploringKeyboardDismissal.app/ExploringKeyboardDismissal";
			};
			name = Release;
		};
		FCC31F402551B05400075E96 /* Debug */ = {
			isa = XCBuildConfiguration;
			buildSettings = {
				ALWAYS_EMBED_SWIFT_STANDARD_LIBRARIES = YES;
				CODE_SIGN_STYLE = Automatic;
				DEVELOPMENT_TEAM = ULYJ4WCBG7;
				INFOPLIST_FILE = ExploringKeyboardDismissalUITests/Info.plist;
				LD_RUNPATH_SEARCH_PATHS = (
					"$(inherited)",
					"@executable_path/Frameworks",
					"@loader_path/Frameworks",
				);
				PRODUCT_BUNDLE_IDENTIFIER = com.DabblingBadger.ExploringKeyboardDismissalUITests;
				PRODUCT_NAME = "$(TARGET_NAME)";
				SWIFT_VERSION = 5.0;
				TARGETED_DEVICE_FAMILY = "1,2";
				TEST_TARGET_NAME = ExploringKeyboardDismissal;
			};
			name = Debug;
		};
		FCC31F412551B05400075E96 /* Release */ = {
			isa = XCBuildConfiguration;
			buildSettings = {
				ALWAYS_EMBED_SWIFT_STANDARD_LIBRARIES = YES;
				CODE_SIGN_STYLE = Automatic;
				DEVELOPMENT_TEAM = ULYJ4WCBG7;
				INFOPLIST_FILE = ExploringKeyboardDismissalUITests/Info.plist;
				LD_RUNPATH_SEARCH_PATHS = (
					"$(inherited)",
					"@executable_path/Frameworks",
					"@loader_path/Frameworks",
				);
				PRODUCT_BUNDLE_IDENTIFIER = com.DabblingBadger.ExploringKeyboardDismissalUITests;
				PRODUCT_NAME = "$(TARGET_NAME)";
				SWIFT_VERSION = 5.0;
				TARGETED_DEVICE_FAMILY = "1,2";
				TEST_TARGET_NAME = ExploringKeyboardDismissal;
			};
			name = Release;
		};
/* End XCBuildConfiguration section */

/* Begin XCConfigurationList section */
		FCC31F0A2551B04D00075E96 /* Build configuration list for PBXProject "ExploringKeyboardDismissal" */ = {
			isa = XCConfigurationList;
			buildConfigurations = (
				FCC31F372551B05400075E96 /* Debug */,
				FCC31F382551B05400075E96 /* Release */,
			);
			defaultConfigurationIsVisible = 0;
			defaultConfigurationName = Release;
		};
		FCC31F392551B05400075E96 /* Build configuration list for PBXNativeTarget "ExploringKeyboardDismissal" */ = {
			isa = XCConfigurationList;
			buildConfigurations = (
				FCC31F3A2551B05400075E96 /* Debug */,
				FCC31F3B2551B05400075E96 /* Release */,
			);
			defaultConfigurationIsVisible = 0;
			defaultConfigurationName = Release;
		};
		FCC31F3C2551B05400075E96 /* Build configuration list for PBXNativeTarget "ExploringKeyboardDismissalTests" */ = {
			isa = XCConfigurationList;
			buildConfigurations = (
				FCC31F3D2551B05400075E96 /* Debug */,
				FCC31F3E2551B05400075E96 /* Release */,
			);
			defaultConfigurationIsVisible = 0;
			defaultConfigurationName = Release;
		};
		FCC31F3F2551B05400075E96 /* Build configuration list for PBXNativeTarget "ExploringKeyboardDismissalUITests" */ = {
			isa = XCConfigurationList;
			buildConfigurations = (
				FCC31F402551B05400075E96 /* Debug */,
				FCC31F412551B05400075E96 /* Release */,
			);
			defaultConfigurationIsVisible = 0;
			defaultConfigurationName = Release;
		};
/* End XCConfigurationList section */
	};
	rootObject = FCC31F072551B04D00075E96 /* Project object */;
}
